
Microsoft Visual Studio Solution File, Format Version 12.00
# Visual Studio Version 16
VisualStudioVersion = 16.0.30907.101
MinimumVisualStudioVersion = 10.0.40219.1
Project("{9A19103F-16F7-4668-BE54-9A1E7A4F7556}") = "Imposter's Ordeal", "Imposter's Ordeal.csproj", "{27560681-17C2-4754-9CAA-FFC73AAA0DE9}"
EndProject
Global
	GlobalSection(SolutionConfigurationPlatforms) = preSolution
		Debug|Any CPU = Debug|Any CPU
		Release|Any CPU = Release|Any CPU
	EndGlobalSection
	GlobalSection(ProjectConfigurationPlatforms) = postSolution
		{27560681-17C2-4754-9CAA-FFC73AAA0DE9}.Debug|Any CPU.ActiveCfg = Debug|Any CPU
		{27560681-17C2-4754-9CAA-FFC73AAA0DE9}.Debug|Any CPU.Build.0 = Debug|Any CPU
		{27560681-17C2-4754-9CAA-FFC73AAA0DE9}.Release|Any CPU.ActiveCfg = Release|Any CPU
		{27560681-17C2-4754-9CAA-FFC73AAA0DE9}.Release|Any CPU.Build.0 = Release|Any CPU
	EndGlobalSection
	GlobalSection(SolutionProperties) = preSolution
		HideSolutionNode = FALSE
	EndGlobalSection
	GlobalSection(ExtensibilityGlobals) = postSolution
		SolutionGuid = {CB07676D-50B2-4E66-B00E-02D720F97A73}
	EndGlobalSection
EndGlobal
